
Microsoft Visual Studio Solution File, Format Version 12.00
# Visual Studio 2013
VisualStudioVersion = 12.0.31101.0
MinimumVisualStudioVersion = 10.0.40219.1
Project("{FAE04EC0-301F-11D3-BF4B-00C04F79EFBC}") = "UniversityData", "UniversityData\UniversityData.csproj", "{17B95096-DD11-4B86-927F-46C2F2CFE83A}"
EndProject
Global
	GlobalSection(SolutionConfigurationPlatforms) = preSolution
		Debug|Any CPU = Debug|Any CPU
		Release|Any CPU = Release|Any CPU
	EndGlobalSection
	GlobalSection(ProjectConfigurationPlatforms) = postSolution
		{17B95096-DD11-4B86-927F-46C2F2CFE83A}.Debug|Any CPU.ActiveCfg = Debug|Any CPU
		{17B95096-DD11-4B86-927F-46C2F2CFE83A}.Debug|Any CPU.Build.0 = Debug|Any CPU
		{17B95096-DD11-4B86-927F-46C2F2CFE83A}.Release|Any CPU.ActiveCfg = Release|Any CPU
		{17B95096-DD11-4B86-927F-46C2F2CFE83A}.Release|Any CPU.Build.0 = Release|Any CPU
	EndGlobalSection
	GlobalSection(SolutionProperties) = preSolution
		HideSolutionNode = FALSE
	EndGlobalSection
EndGlobal
